
Microsoft Visual Studio Solution File, Format Version 12.00
# Visual Studio Version 16
VisualStudioVersion = 16.0.30104.148
MinimumVisualStudioVersion = 10.0.40219.1
Project("{FAE04EC0-301F-11D3-BF4B-00C04F79EFBC}") = "Github-Like-Procedural-Avatar-API", "Github-Like-Procedural-Avatar-API\Github-Like-Procedural-Avatar-API.csproj", "{5C5E36A7-EB53-4F53-A65C-4707472EBF93}"
EndProject
Global
	GlobalSection(SolutionConfigurationPlatforms) = preSolution
		Debug|Any CPU = Debug|Any CPU
		Release|Any CPU = Release|Any CPU
	EndGlobalSection
	GlobalSection(ProjectConfigurationPlatforms) = postSolution
		{5C5E36A7-EB53-4F53-A65C-4707472EBF93}.Debug|Any CPU.ActiveCfg = Debug|Any CPU
		{5C5E36A7-EB53-4F53-A65C-4707472EBF93}.Debug|Any CPU.Build.0 = Debug|Any CPU
		{5C5E36A7-EB53-4F53-A65C-4707472EBF93}.Release|Any CPU.ActiveCfg = Release|Any CPU
		{5C5E36A7-EB53-4F53-A65C-4707472EBF93}.Release|Any CPU.Build.0 = Release|Any CPU
	EndGlobalSection
	GlobalSection(SolutionProperties) = preSolution
		HideSolutionNode = FALSE
	EndGlobalSection
	GlobalSection(ExtensibilityGlobals) = postSolution
		SolutionGuid = {00701640-9E13-49A2-9787-8BBACC52D4F0}
	EndGlobalSection
EndGlobal
